// !$*UTF8*$!
{
	archiveVersion = 1;
	classes = {
	};
	objectVersion = 46;
	objects = {

/* Begin PBXBuildFile section */
		68EA6F07005A737DFD22A7BA /* libPods-CustomLoader.a in Frameworks */ = {isa = PBXBuildFile; fileRef = CB8C0C30285AA8EEE260C2D5 /* libPods-CustomLoader.a */; };
		996775221F45630700ADB4D7 /* AppDelegate.swift in Sources */ = {isa = PBXBuildFile; fileRef = 996775211F45630700ADB4D7 /* AppDelegate.swift */; };
		996775241F45630700ADB4D7 /* ViewController.swift in Sources */ = {isa = PBXBuildFile; fileRef = 996775231F45630700ADB4D7 /* ViewController.swift */; };
		996775271F45630700ADB4D7 /* Main.storyboard in Resources */ = {isa = PBXBuildFile; fileRef = 996775251F45630700ADB4D7 /* Main.storyboard */; };
		996775291F45630700ADB4D7 /* Assets.xcassets in Resources */ = {isa = PBXBuildFile; fileRef = 996775281F45630700ADB4D7 /* Assets.xcassets */; };
		9967752C1F45630700ADB4D7 /* LaunchScreen.storyboard in Resources */ = {isa = PBXBuildFile; fileRef = 9967752A1F45630700ADB4D7 /* LaunchScreen.storyboard */; };
		996775351F4563EF00ADB4D7 /* CustomLoader.swift in Sources */ = {isa = PBXBuildFile; fileRef = 996775341F4563EF00ADB4D7 /* CustomLoader.swift */; };
		996775371F4563FA00ADB4D7 /* CustomLoader.xib in Resources */ = {isa = PBXBuildFile; fileRef = 996775361F4563FA00ADB4D7 /* CustomLoader.xib */; };
		996775391F45653F00ADB4D7 /* CommonFunction.swift in Sources */ = {isa = PBXBuildFile; fileRef = 996775381F45653F00ADB4D7 /* CommonFunction.swift */; };
/* End PBXBuildFile section */

/* Begin PBXFileReference section */
		69B97406D738213142425FC4 /* Pods-CustomLoader.debug.xcconfig */ = {isa = PBXFileReference; includeInIndex = 1; lastKnownFileType = text.xcconfig; name = "Pods-CustomLoader.debug.xcconfig"; path = "Pods/Target Support Files/Pods-CustomLoader/Pods-CustomLoader.debug.xcconfig"; sourceTree = "<group>"; };
		9967751E1F45630700ADB4D7 /* CustomLoader.app */ = {isa = PBXFileReference; explicitFileType = wrapper.application; includeInIndex = 0; path = CustomLoader.app; sourceTree = BUILT_PRODUCTS_DIR; };
		996775211F45630700ADB4D7 /* AppDelegate.swift */ = {isa = PBXFileReference; lastKnownFileType = sourcecode.swift; path = AppDelegate.swift; sourceTree = "<group>"; };
		996775231F45630700ADB4D7 /* ViewController.swift */ = {isa = PBXFileReference; lastKnownFileType = sourcecode.swift; path = ViewController.swift; sourceTree = "<group>"; };
		996775261F45630700ADB4D7 /* Base */ = {isa = PBXFileReference; lastKnownFileType = file.storyboard; name = Base; path = Base.lproj/Main.storyboard; sourceTree = "<group>"; };
		996775281F45630700ADB4D7 /* Assets.xcassets */ = {isa = PBXFileReference; lastKnownFileType = folder.assetcatalog; path = Assets.xcassets; sourceTree = "<group>"; };
		9967752B1F45630700ADB4D7 /* Base */ = {isa = PBXFileReference; lastKnownFileType = file.storyboard; name = Base; path = Base.lproj/LaunchScreen.storyboard; sourceTree = "<group>"; };
		9967752D1F45630700ADB4D7 /* Info.plist */ = {isa = PBXFileReference; lastKnownFileType = text.plist.xml; path = Info.plist; sourceTree = "<group>"; };
		996775331F45639800ADB4D7 /* CustomLoaderBridgeHeader.h */ = {isa = PBXFileReference; lastKnownFileType = sourcecode.c.h; path = CustomLoaderBridgeHeader.h; sourceTree = "<group>"; };
		996775341F4563EF00ADB4D7 /* CustomLoader.swift */ = {isa = PBXFileReference; fileEncoding = 4; lastKnownFileType = sourcecode.swift; path = CustomLoader.swift; sourceTree = "<group>"; };
		996775361F4563FA00ADB4D7 /* CustomLoader.xib */ = {isa = PBXFileReference; fileEncoding = 4; lastKnownFileType = file.xib; path = CustomLoader.xib; sourceTree = "<group>"; };
		996775381F45653F00ADB4D7 /* CommonFunction.swift */ = {isa = PBXFileReference; fileEncoding = 4; lastKnownFileType = sourcecode.swift; path = CommonFunction.swift; sourceTree = "<group>"; };
		BFA9F721F8B6B368FE1615B7 /* Pods-CustomLoader.release.xcconfig */ = {isa = PBXFileReference; includeInIndex = 1; lastKnownFileType = text.xcconfig; name = "Pods-CustomLoader.release.xcconfig"; path = "Pods/Target Support Files/Pods-CustomLoader/Pods-CustomLoader.release.xcconfig"; sourceTree = "<group>"; };
		CB8C0C30285AA8EEE260C2D5 /* libPods-CustomLoader.a */ = {isa = PBXFileReference; explicitFileType = archive.ar; includeInIndex = 0; path = "libPods-CustomLoader.a"; sourceTree = BUILT_PRODUCTS_DIR; };
/* End PBXFileReference section */

/* Begin PBXFrameworksBuildPhase section */
		9967751B1F45630700ADB4D7 /* Frameworks */ = {
			isa = PBXFrameworksBuildPhase;
			buildActionMask = 2147483647;
			files = (
				68EA6F07005A737DFD22A7BA /* libPods-CustomLoader.a in Frameworks */,
			);
			runOnlyForDeploymentPostprocessing = 0;
		};
/* End PBXFrameworksBuildPhase section */

/* Begin PBXGroup section */
		17A13FA05B50E40DB733BEAE /* Pods */ = {
			isa = PBXGroup;
			children = (
				69B97406D738213142425FC4 /* Pods-CustomLoader.debug.xcconfig */,
				BFA9F721F8B6B368FE1615B7 /* Pods-CustomLoader.release.xcconfig */,
			);
			name = Pods;
			sourceTree = "<group>";
		};
		996775151F45630600ADB4D7 = {
			isa = PBXGroup;
			children = (
				996775201F45630700ADB4D7 /* CustomLoader */,
				9967751F1F45630700ADB4D7 /* Products */,
				17A13FA05B50E40DB733BEAE /* Pods */,
				AD7F687A819457DF2AAC893F /* Frameworks */,
			);
			sourceTree = "<group>";
		};
		9967751F1F45630700ADB4D7 /* Products */ = {
			isa = PBXGroup;
			children = (
				9967751E1F45630700ADB4D7 /* CustomLoader.app */,
			);
			name = Products;
			sourceTree = "<group>";
		};
		996775201F45630700ADB4D7 /* CustomLoader */ = {
			isa = PBXGroup;
			children = (
				996775211F45630700ADB4D7 /* AppDelegate.swift */,
				996775231F45630700ADB4D7 /* ViewController.swift */,
				996775251F45630700ADB4D7 /* Main.storyboard */,
				996775281F45630700ADB4D7 /* Assets.xcassets */,
				9967752A1F45630700ADB4D7 /* LaunchScreen.storyboard */,
				9967752D1F45630700ADB4D7 /* Info.plist */,
				996775331F45639800ADB4D7 /* CustomLoaderBridgeHeader.h */,
				996775341F4563EF00ADB4D7 /* CustomLoader.swift */,
				996775361F4563FA00ADB4D7 /* CustomLoader.xib */,
				996775381F45653F00ADB4D7 /* CommonFunction.swift */,
			);
			path = CustomLoader;
			sourceTree = "<group>";
		};
		AD7F687A819457DF2AAC893F /* Frameworks */ = {
			isa = PBXGroup;
			children = (
				CB8C0C30285AA8EEE260C2D5 /* libPods-CustomLoader.a */,
			);
			name = Frameworks;
			sourceTree = "<group>";
		};
/* End PBXGroup section */

/* Begin PBXNativeTarget section */
		9967751D1F45630700ADB4D7 /* CustomLoader */ = {
			isa = PBXNativeTarget;
			buildConfigurationList = 996775301F45630700ADB4D7 /* Build configuration list for PBXNativeTarget "CustomLoader" */;
			buildPhases = (
				9D2429DF77FA76DFC043E1D0 /* [CP] Check Pods Manifest.lock */,
				9967751A1F45630700ADB4D7 /* Sources */,
				9967751B1F45630700ADB4D7 /* Frameworks */,
				9967751C1F45630700ADB4D7 /* Resources */,
				54FF82C6CCDD898B302E979D /* [CP] Embed Pods Frameworks */,
				A34350602BEA0814B7D39A84 /* [CP] Copy Pods Resources */,
			);
			buildRules = (
			);
			dependencies = (
			);
			name = CustomLoader;
			productName = CustomLoader;
			productReference = 9967751E1F45630700ADB4D7 /* CustomLoader.app */;
			productType = "com.apple.product-type.application";
		};
/* End PBXNativeTarget section */

/* Begin PBXProject section */
		996775161F45630700ADB4D7 /* Project object */ = {
			isa = PBXProject;
			attributes = {
				LastSwiftUpdateCheck = 0830;
				LastUpgradeCheck = 0830;
				ORGANIZATIONNAME = pradeep.chaudhary;
				TargetAttributes = {
					9967751D1F45630700ADB4D7 = {
						CreatedOnToolsVersion = 8.3.3;
						ProvisioningStyle = Automatic;
					};
				};
			};
			buildConfigurationList = 996775191F45630700ADB4D7 /* Build configuration list for PBXProject "CustomLoader" */;
			compatibilityVersion = "Xcode 3.2";
			developmentRegion = English;
			hasScannedForEncodings = 0;
			knownRegions = (
				en,
				Base,
			);
			mainGroup = 996775151F45630600ADB4D7;
			productRefGroup = 9967751F1F45630700ADB4D7 /* Products */;
			projectDirPath = "";
			projectRoot = "";
			targets = (
				9967751D1F45630700ADB4D7 /* CustomLoader */,
			);
		};
/* End PBXProject section */

/* Begin PBXResourcesBuildPhase section */
		9967751C1F45630700ADB4D7 /* Resources */ = {
			isa = PBXResourcesBuildPhase;
			buildActionMask = 2147483647;
			files = (
				9967752C1F45630700ADB4D7 /* LaunchScreen.storyboard in Resources */,
				996775291F45630700ADB4D7 /* Assets.xcassets in Resources */,
				996775271F45630700ADB4D7 /* Main.storyboard in Resources */,
				996775371F4563FA00ADB4D7 /* CustomLoader.xib in Resources */,
			);
			runOnlyForDeploymentPostprocessing = 0;
		};
/* End PBXResourcesBuildPhase section */

/* Begin PBXShellScriptBuildPhase section */
		54FF82C6CCDD898B302E979D /* [CP] Embed Pods Frameworks */ = {
			isa = PBXShellScriptBuildPhase;
			buildActionMask = 2147483647;
			files = (
			);
			inputPaths = (
			);
			name = "[CP] Embed Pods Frameworks";
			outputPaths = (
			);
			runOnlyForDeploymentPostprocessing = 0;
			shellPath = /bin/sh;
			shellScript = "\"${SRCROOT}/Pods/Target Support Files/Pods-CustomLoader/Pods-CustomLoader-frameworks.sh\"\n";
			showEnvVarsInLog = 0;
		};
		9D2429DF77FA76DFC043E1D0 /* [CP] Check Pods Manifest.lock */ = {
			isa = PBXShellScriptBuildPhase;
			buildActionMask = 2147483647;
			files = (
			);
			inputPaths = (
			);
			name = "[CP] Check Pods Manifest.lock";
			outputPaths = (
			);
			runOnlyForDeploymentPostprocessing = 0;
			shellPath = /bin/sh;
			shellScript = "diff \"${PODS_PODFILE_DIR_PATH}/Podfile.lock\" \"${PODS_ROOT}/Manifest.lock\" > /dev/null\nif [ $? != 0 ] ; then\n    # print error to STDERR\n    echo \"error: The sandbox is not in sync with the Podfile.lock. Run 'pod install' or update your CocoaPods installation.\" >&2\n    exit 1\nfi\n";
			showEnvVarsInLog = 0;
		};
		A34350602BEA0814B7D39A84 /* [CP] Copy Pods Resources */ = {
			isa = PBXShellScriptBuildPhase;
			buildActionMask = 2147483647;
			files = (
			);
			inputPaths = (
			);
			name = "[CP] Copy Pods Resources";
			outputPaths = (
			);
			runOnlyForDeploymentPostprocessing = 0;
			shellPath = /bin/sh;
			shellScript = "\"${SRCROOT}/Pods/Target Support Files/Pods-CustomLoader/Pods-CustomLoader-resources.sh\"\n";
			showEnvVarsInLog = 0;
		};
/* End PBXShellScriptBuildPhase section */

/* Begin PBXSourcesBuildPhase section */
		9967751A1F45630700ADB4D7 /* Sources */ = {
			isa = PBXSourcesBuildPhase;
			buildActionMask = 2147483647;
			files = (
				996775241F45630700ADB4D7 /* ViewController.swift in Sources */,
				996775221F45630700ADB4D7 /* AppDelegate.swift in Sources */,
				996775391F45653F00ADB4D7 /* CommonFunction.swift in Sources */,
				996775351F4563EF00ADB4D7 /* CustomLoader.swift in Sources */,
			);
			runOnlyForDeploymentPostprocessing = 0;
		};
/* End PBXSourcesBuildPhase section */

/* Begin PBXVariantGroup section */
		996775251F45630700ADB4D7 /* Main.storyboard */ = {
			isa = PBXVariantGroup;
			children = (
				996775261F45630700ADB4D7 /* Base */,
			);
			name = Main.storyboard;
			sourceTree = "<group>";
		};
		9967752A1F45630700ADB4D7 /* LaunchScreen.storyboard */ = {
			isa = PBXVariantGroup;
			children = (
				9967752B1F45630700ADB4D7 /* Base */,
			);
			name = LaunchScreen.storyboard;
			sourceTree = "<group>";
		};
/* End PBXVariantGroup section */

/* Begin XCBuildConfiguration section */
		9967752E1F45630700ADB4D7 /* Debug */ = {
			isa = XCBuildConfiguration;
			buildSettings = {
				ALWAYS_SEARCH_USER_PATHS = NO;
				CLANG_ANALYZER_NONNULL = YES;
				CLANG_ANALYZER_NUMBER_OBJECT_CONVERSION = YES_AGGRESSIVE;
				CLANG_CXX_LANGUAGE_STANDARD = "gnu++0x";
				CLANG_CXX_LIBRARY = "libc++";
				CLANG_ENABLE_MODULES = YES;
				CLANG_ENABLE_OBJC_ARC = YES;
				CLANG_WARN_BOOL_CONVERSION = YES;
				CLANG_WARN_CONSTANT_CONVERSION = YES;
				CLANG_WARN_DIRECT_OBJC_ISA_USAGE = YES_ERROR;
				CLANG_WARN_DOCUMENTATION_COMMENTS = YES;
				CLANG_WARN_EMPTY_BODY = YES;
				CLANG_WARN_ENUM_CONVERSION = YES;
				CLANG_WARN_INFINITE_RECURSION = YES;
				CLANG_WARN_INT_CONVERSION = YES;
				CLANG_WARN_OBJC_ROOT_CLASS = YES_ERROR;
				CLANG_WARN_SUSPICIOUS_MOVE = YES;
				CLANG_WARN_UNREACHABLE_CODE = YES;
				CLANG_WARN__DUPLICATE_METHOD_MATCH = YES;
				"CODE_SIGN_IDENTITY[sdk=iphoneos*]" = "iPhone Developer";
				COPY_PHASE_STRIP = NO;
				DEBUG_INFORMATION_FORMAT = dwarf;
				ENABLE_STRICT_OBJC_MSGSEND = YES;
				ENABLE_TESTABILITY = YES;
				GCC_C_LANGUAGE_STANDARD = gnu99;
				GCC_DYNAMIC_NO_PIC = NO;
				GCC_NO_COMMON_BLOCKS = YES;
				GCC_OPTIMIZATION_LEVEL = 0;
				GCC_PREPROCESSOR_DEFINITIONS = (
					"DEBUG=1",
					"$(inherited)",
				);
				GCC_WARN_64_TO_32_BIT_CONVERSION = YES;
				GCC_WARN_ABOUT_RETURN_TYPE = YES_ERROR;
				GCC_WARN_UNDECLARED_SELECTOR = YES;
				GCC_WARN_UNINITIALIZED_AUTOS = YES_AGGRESSIVE;
				GCC_WARN_UNUSED_FUNCTION = YES;
				GCC_WARN_UNUSED_VARIABLE = YES;
				IPHONEOS_DEPLOYMENT_TARGET = 10.3;
				MTL_ENABLE_DEBUG_INFO = YES;
				ONLY_ACTIVE_ARCH = YES;
				SDKROOT = iphoneos;
				SWIFT_ACTIVE_COMPILATION_CONDITIONS = DEBUG;
				SWIFT_OPTIMIZATION_LEVEL = "-Onone";
			};
			name = Debug;
		};
		9967752F1F45630700ADB4D7 /* Release */ = {
			isa = XCBuildConfiguration;
			buildSettings = {
				ALWAYS_SEARCH_USER_PATHS = NO;
				CLANG_ANALYZER_NONNULL = YES;
				CLANG_ANALYZER_NUMBER_OBJECT_CONVERSION = YES_AGGRESSIVE;
				CLANG_CXX_LANGUAGE_STANDARD = "gnu++0x";
				CLANG_CXX_LIBRARY = "libc++";
				CLANG_ENABLE_MODULES = YES;
				CLANG_ENABLE_OBJC_ARC = YES;
				CLANG_WARN_BOOL_CONVERSION = YES;
				CLANG_WARN_CONSTANT_CONVERSION = YES;
				CLANG_WARN_DIRECT_OBJC_ISA_USAGE = YES_ERROR;
				CLANG_WARN_DOCUMENTATION_COMMENTS = YES;
				CLANG_WARN_EMPTY_BODY = YES;
				CLANG_WARN_ENUM_CONVERSION = YES;
				CLANG_WARN_INFINITE_RECURSION = YES;
				CLANG_WARN_INT_CONVERSION = YES;
				CLANG_WARN_OBJC_ROOT_CLASS = YES_ERROR;
				CLANG_WARN_SUSPICIOUS_MOVE = YES;
				CLANG_WARN_UNREACHABLE_CODE = YES;
				CLANG_WARN__DUPLICATE_METHOD_MATCH = YES;
				"CODE_SIGN_IDENTITY[sdk=iphoneos*]" = "iPhone Developer";
				COPY_PHASE_STRIP = NO;
				DEBUG_INFORMATION_FORMAT = "dwarf-with-dsym";
				ENABLE_NS_ASSERTIONS = NO;
				ENABLE_STRICT_OBJC_MSGSEND = YES;
				GCC_C_LANGUAGE_STANDARD = gnu99;
				GCC_NO_COMMON_BLOCKS = YES;
				GCC_WARN_64_TO_32_BIT_CONVERSION = YES;
				GCC_WARN_ABOUT_RETURN_TYPE = YES_ERROR;
				GCC_WARN_UNDECLARED_SELECTOR = YES;
				GCC_WARN_UNINITIALIZED_AUTOS = YES_AGGRESSIVE;
				GCC_WARN_UNUSED_FUNCTION = YES;
				GCC_WARN_UNUSED_VARIABLE = YES;
				IPHONEOS_DEPLOYMENT_TARGET = 10.3;
				MTL_ENABLE_DEBUG_INFO = NO;
				SDKROOT = iphoneos;
				SWIFT_OPTIMIZATION_LEVEL = "-Owholemodule";
				VALIDATE_PRODUCT = YES;
			};
			name = Release;
		};
		996775311F45630700ADB4D7 /* Debug */ = {
			isa = XCBuildConfiguration;
			baseConfigurationReference = 69B97406D738213142425FC4 /* Pods-CustomLoader.debug.xcconfig */;
			buildSettings = {
				ASSETCATALOG_COMPILER_APPICON_NAME = AppIcon;
				INFOPLIST_FILE = CustomLoader/Info.plist;
				LD_RUNPATH_SEARCH_PATHS = "$(inherited) @executable_path/Frameworks";
				PRODUCT_BUNDLE_IDENTIFIER = com.CustomLoader;
				PRODUCT_NAME = "$(TARGET_NAME)";
				SWIFT_OBJC_BRIDGING_HEADER = /Projects/Dummy/CustomLoader/CustomLoader/CustomLoaderBridgeHeader.h;
				SWIFT_VERSION = 3.0;
			};
			name = Debug;
		};
		996775321F45630700ADB4D7 /* Release */ = {
			isa = XCBuildConfiguration;
			baseConfigurationReference = BFA9F721F8B6B368FE1615B7 /* Pods-CustomLoader.release.xcconfig */;
			buildSettings = {
				ASSETCATALOG_COMPILER_APPICON_NAME = AppIcon;
				INFOPLIST_FILE = CustomLoader/Info.plist;
				LD_RUNPATH_SEARCH_PATHS = "$(inherited) @executable_path/Frameworks";
				PRODUCT_BUNDLE_IDENTIFIER = com.CustomLoader;
				PRODUCT_NAME = "$(TARGET_NAME)";
				SWIFT_OBJC_BRIDGING_HEADER = /Projects/Dummy/CustomLoader/CustomLoader/CustomLoaderBridgeHeader.h;
				SWIFT_VERSION = 3.0;
			};
			name = Release;
		};
/* End XCBuildConfiguration section */

/* Begin XCConfigurationList section */
		996775191F45630700ADB4D7 /* Build configuration list for PBXProject "CustomLoader" */ = {
			isa = XCConfigurationList;
			buildConfigurations = (
				9967752E1F45630700ADB4D7 /* Debug */,
				9967752F1F45630700ADB4D7 /* Release */,
			);
			defaultConfigurationIsVisible = 0;
			defaultConfigurationName = Release;
		};
		996775301F45630700ADB4D7 /* Build configuration list for PBXNativeTarget "CustomLoader" */ = {
			isa = XCConfigurationList;
			buildConfigurations = (
				996775311F45630700ADB4D7 /* Debug */,
				996775321F45630700ADB4D7 /* Release */,
			);
			defaultConfigurationIsVisible = 0;
			defaultConfigurationName = Release;
		};
/* End XCConfigurationList section */
	};
	rootObject = 996775161F45630700ADB4D7 /* Project object */;
}
